// !$*UTF8*$!
{
	archiveVersion = 1;
	classes = {
	};
	objectVersion = 55;
	objects = {

/* Begin PBXBuildFile section */
		6264E7E227BA12E5006D3122 /* BackgroundImageView.swift in Sources */ = {isa = PBXBuildFile; fileRef = 6264E7E127BA12E5006D3122 /* BackgroundImageView.swift */; };
		6264E7E427BA14BC006D3122 /* NewTaskItemView.swift in Sources */ = {isa = PBXBuildFile; fileRef = 6264E7E327BA14BC006D3122 /* NewTaskItemView.swift */; };
		6264E7E627BA17FB006D3122 /* BlankView.swift in Sources */ = {isa = PBXBuildFile; fileRef = 6264E7E527BA17FB006D3122 /* BlankView.swift */; };
		627D32A527B612A9001B411C /* DevoteApp.swift in Sources */ = {isa = PBXBuildFile; fileRef = 627D32A427B612A9001B411C /* DevoteApp.swift */; };
		627D32A727B612A9001B411C /* ContentView.swift in Sources */ = {isa = PBXBuildFile; fileRef = 627D32A627B612A9001B411C /* ContentView.swift */; };
		627D32A927B612A9001B411C /* Assets.xcassets in Resources */ = {isa = PBXBuildFile; fileRef = 627D32A827B612A9001B411C /* Assets.xcassets */; };
		627D32AC27B612A9001B411C /* Preview Assets.xcassets in Resources */ = {isa = PBXBuildFile; fileRef = 627D32AB27B612A9001B411C /* Preview Assets.xcassets */; };
		627D32AE27B612A9001B411C /* Persistence.swift in Sources */ = {isa = PBXBuildFile; fileRef = 627D32AD27B612A9001B411C /* Persistence.swift */; };
		627D32B127B612A9001B411C /* Devote.xcdatamodeld in Sources */ = {isa = PBXBuildFile; fileRef = 627D32AF27B612A9001B411C /* Devote.xcdatamodeld */; };
		627D32BA27B61303001B411C /* sound-ding.mp3 in Resources */ = {isa = PBXBuildFile; fileRef = 627D32B727B61303001B411C /* sound-ding.mp3 */; };
		627D32BB27B61303001B411C /* sound-tap.mp3 in Resources */ = {isa = PBXBuildFile; fileRef = 627D32B827B61303001B411C /* sound-tap.mp3 */; };
		627D32BC27B61303001B411C /* sound-rise.mp3 in Resources */ = {isa = PBXBuildFile; fileRef = 627D32B927B61303001B411C /* sound-rise.mp3 */; };
		627D32C927B61C2C001B411C /* Constant.swift in Sources */ = {isa = PBXBuildFile; fileRef = 627D32C827B61C2C001B411C /* Constant.swift */; };
		627D32CB27B62124001B411C /* HideKeyboardExtension.swift in Sources */ = {isa = PBXBuildFile; fileRef = 627D32CA27B62124001B411C /* HideKeyboardExtension.swift */; };
/* End PBXBuildFile section */

/* Begin PBXFileReference section */
		6264E7E127BA12E5006D3122 /* BackgroundImageView.swift */ = {isa = PBXFileReference; lastKnownFileType = sourcecode.swift; path = BackgroundImageView.swift; sourceTree = "<group>"; };
		6264E7E327BA14BC006D3122 /* NewTaskItemView.swift */ = {isa = PBXFileReference; lastKnownFileType = sourcecode.swift; path = NewTaskItemView.swift; sourceTree = "<group>"; };
		6264E7E527BA17FB006D3122 /* BlankView.swift */ = {isa = PBXFileReference; lastKnownFileType = sourcecode.swift; path = BlankView.swift; sourceTree = "<group>"; };
		627D32A127B612A9001B411C /* Devote.app */ = {isa = PBXFileReference; explicitFileType = wrapper.application; includeInIndex = 0; path = Devote.app; sourceTree = BUILT_PRODUCTS_DIR; };
		627D32A427B612A9001B411C /* DevoteApp.swift */ = {isa = PBXFileReference; lastKnownFileType = sourcecode.swift; path = DevoteApp.swift; sourceTree = "<group>"; };
		627D32A627B612A9001B411C /* ContentView.swift */ = {isa = PBXFileReference; lastKnownFileType = sourcecode.swift; path = ContentView.swift; sourceTree = "<group>"; };
		627D32A827B612A9001B411C /* Assets.xcassets */ = {isa = PBXFileReference; lastKnownFileType = folder.assetcatalog; path = Assets.xcassets; sourceTree = "<group>"; };
		627D32AB27B612A9001B411C /* Preview Assets.xcassets */ = {isa = PBXFileReference; lastKnownFileType = folder.assetcatalog; path = "Preview Assets.xcassets"; sourceTree = "<group>"; };
		627D32AD27B612A9001B411C /* Persistence.swift */ = {isa = PBXFileReference; lastKnownFileType = sourcecode.swift; path = Persistence.swift; sourceTree = "<group>"; };
		627D32B027B612A9001B411C /* Devote.xcdatamodel */ = {isa = PBXFileReference; lastKnownFileType = wrapper.xcdatamodel; path = Devote.xcdatamodel; sourceTree = "<group>"; };
		627D32B727B61303001B411C /* sound-ding.mp3 */ = {isa = PBXFileReference; lastKnownFileType = audio.mp3; path = "sound-ding.mp3"; sourceTree = "<group>"; };
		627D32B827B61303001B411C /* sound-tap.mp3 */ = {isa = PBXFileReference; lastKnownFileType = audio.mp3; path = "sound-tap.mp3"; sourceTree = "<group>"; };
		627D32B927B61303001B411C /* sound-rise.mp3 */ = {isa = PBXFileReference; lastKnownFileType = audio.mp3; path = "sound-rise.mp3"; sourceTree = "<group>"; };
		627D32C327B613F7001B411C /* Info.plist */ = {isa = PBXFileReference; lastKnownFileType = text.plist; path = Info.plist; sourceTree = "<group>"; };
		627D32C827B61C2C001B411C /* Constant.swift */ = {isa = PBXFileReference; lastKnownFileType = sourcecode.swift; path = Constant.swift; sourceTree = "<group>"; };
		627D32CA27B62124001B411C /* HideKeyboardExtension.swift */ = {isa = PBXFileReference; lastKnownFileType = sourcecode.swift; path = HideKeyboardExtension.swift; sourceTree = "<group>"; };
/* End PBXFileReference section */

/* Begin PBXFrameworksBuildPhase section */
		627D329E27B612A8001B411C /* Frameworks */ = {
			isa = PBXFrameworksBuildPhase;
			buildActionMask = 2147483647;
			files = (
			);
			runOnlyForDeploymentPostprocessing = 0;
		};
/* End PBXFrameworksBuildPhase section */

/* Begin PBXGroup section */
		627D329827B612A8001B411C = {
			isa = PBXGroup;
			children = (
				627D32A327B612A9001B411C /* Devote */,
				627D32A227B612A9001B411C /* Products */,
			);
			sourceTree = "<group>";
		};
		627D32A227B612A9001B411C /* Products */ = {
			isa = PBXGroup;
			children = (
				627D32A127B612A9001B411C /* Devote.app */,
			);
			name = Products;
			sourceTree = "<group>";
		};
		627D32A327B612A9001B411C /* Devote */ = {
			isa = PBXGroup;
			children = (
				627D32C327B613F7001B411C /* Info.plist */,
				627D32A427B612A9001B411C /* DevoteApp.swift */,
				627D32BE27B61332001B411C /* View */,
				627D32C227B61358001B411C /* Model */,
				627D32C127B61344001B411C /* Style */,
				627D32C027B6133D001B411C /* Utility */,
				627D32BF27B61337001B411C /* Extension */,
				627D32BD27B61308001B411C /* Sound */,
				627D32A827B612A9001B411C /* Assets.xcassets */,
				627D32AA27B612A9001B411C /* Preview Content */,
			);
			path = Devote;
			sourceTree = "<group>";
		};
		627D32AA27B612A9001B411C /* Preview Content */ = {
			isa = PBXGroup;
			children = (
				627D32AB27B612A9001B411C /* Preview Assets.xcassets */,
			);
			path = "Preview Content";
			sourceTree = "<group>";
		};
		627D32BD27B61308001B411C /* Sound */ = {
			isa = PBXGroup;
			children = (
				627D32B727B61303001B411C /* sound-ding.mp3 */,
				627D32B927B61303001B411C /* sound-rise.mp3 */,
				627D32B827B61303001B411C /* sound-tap.mp3 */,
			);
			path = Sound;
			sourceTree = "<group>";
		};
		627D32BE27B61332001B411C /* View */ = {
			isa = PBXGroup;
			children = (
				627D32A627B612A9001B411C /* ContentView.swift */,
				6264E7E127BA12E5006D3122 /* BackgroundImageView.swift */,
				6264E7E327BA14BC006D3122 /* NewTaskItemView.swift */,
				6264E7E527BA17FB006D3122 /* BlankView.swift */,
			);
			path = View;
			sourceTree = "<group>";
		};
		627D32BF27B61337001B411C /* Extension */ = {
			isa = PBXGroup;
			children = (
				627D32CA27B62124001B411C /* HideKeyboardExtension.swift */,
			);
			path = Extension;
			sourceTree = "<group>";
		};
		627D32C027B6133D001B411C /* Utility */ = {
			isa = PBXGroup;
			children = (
				627D32C827B61C2C001B411C /* Constant.swift */,
			);
			path = Utility;
			sourceTree = "<group>";
		};
		627D32C127B61344001B411C /* Style */ = {
			isa = PBXGroup;
			children = (
			);
			path = Style;
			sourceTree = "<group>";
		};
		627D32C227B61358001B411C /* Model */ = {
			isa = PBXGroup;
			children = (
				627D32AD27B612A9001B411C /* Persistence.swift */,
				627D32AF27B612A9001B411C /* Devote.xcdatamodeld */,
			);
			path = Model;
			sourceTree = "<group>";
		};
/* End PBXGroup section */

/* Begin PBXNativeTarget section */
		627D32A027B612A8001B411C /* Devote */ = {
			isa = PBXNativeTarget;
			buildConfigurationList = 627D32B427B612A9001B411C /* Build configuration list for PBXNativeTarget "Devote" */;
			buildPhases = (
				627D329D27B612A8001B411C /* Sources */,
				627D329E27B612A8001B411C /* Frameworks */,
				627D329F27B612A8001B411C /* Resources */,
			);
			buildRules = (
			);
			dependencies = (
			);
			name = Devote;
			productName = Devote;
			productReference = 627D32A127B612A9001B411C /* Devote.app */;
			productType = "com.apple.product-type.application";
		};
/* End PBXNativeTarget section */

/* Begin PBXProject section */
		627D329927B612A8001B411C /* Project object */ = {
			isa = PBXProject;
			attributes = {
				BuildIndependentTargetsInParallel = 1;
				LastSwiftUpdateCheck = 1320;
				LastUpgradeCheck = 1320;
				TargetAttributes = {
					627D32A027B612A8001B411C = {
						CreatedOnToolsVersion = 13.2.1;
					};
				};
			};
			buildConfigurationList = 627D329C27B612A8001B411C /* Build configuration list for PBXProject "Devote" */;
			compatibilityVersion = "Xcode 13.0";
			developmentRegion = en;
			hasScannedForEncodings = 0;
			knownRegions = (
				en,
				Base,
			);
			mainGroup = 627D329827B612A8001B411C;
			productRefGroup = 627D32A227B612A9001B411C /* Products */;
			projectDirPath = "";
			projectRoot = "";
			targets = (
				627D32A027B612A8001B411C /* Devote */,
			);
		};
/* End PBXProject section */

/* Begin PBXResourcesBuildPhase section */
		627D329F27B612A8001B411C /* Resources */ = {
			isa = PBXResourcesBuildPhase;
			buildActionMask = 2147483647;
			files = (
				627D32BC27B61303001B411C /* sound-rise.mp3 in Resources */,
				627D32AC27B612A9001B411C /* Preview Assets.xcassets in Resources */,
				627D32A927B612A9001B411C /* Assets.xcassets in Resources */,
				627D32BB27B61303001B411C /* sound-tap.mp3 in Resources */,
				627D32BA27B61303001B411C /* sound-ding.mp3 in Resources */,
			);
			runOnlyForDeploymentPostprocessing = 0;
		};
/* End PBXResourcesBuildPhase section */

/* Begin PBXSourcesBuildPhase section */
		627D329D27B612A8001B411C /* Sources */ = {
			isa = PBXSourcesBuildPhase;
			buildActionMask = 2147483647;
			files = (
				627D32AE27B612A9001B411C /* Persistence.swift in Sources */,
				6264E7E227BA12E5006D3122 /* BackgroundImageView.swift in Sources */,
				627D32A727B612A9001B411C /* ContentView.swift in Sources */,
				627D32CB27B62124001B411C /* HideKeyboardExtension.swift in Sources */,
				6264E7E627BA17FB006D3122 /* BlankView.swift in Sources */,
				627D32C927B61C2C001B411C /* Constant.swift in Sources */,
				627D32B127B612A9001B411C /* Devote.xcdatamodeld in Sources */,
				627D32A527B612A9001B411C /* DevoteApp.swift in Sources */,
				6264E7E427BA14BC006D3122 /* NewTaskItemView.swift in Sources */,
			);
			runOnlyForDeploymentPostprocessing = 0;
		};
/* End PBXSourcesBuildPhase section */

/* Begin XCBuildConfiguration section */
		627D32B227B612A9001B411C /* Debug */ = {
			isa = XCBuildConfiguration;
			buildSettings = {
				ALWAYS_SEARCH_USER_PATHS = NO;
				CLANG_ANALYZER_NONNULL = YES;
				CLANG_ANALYZER_NUMBER_OBJECT_CONVERSION = YES_AGGRESSIVE;
				CLANG_CXX_LANGUAGE_STANDARD = "gnu++17";
				CLANG_CXX_LIBRARY = "libc++";
				CLANG_ENABLE_MODULES = YES;
				CLANG_ENABLE_OBJC_ARC = YES;
				CLANG_ENABLE_OBJC_WEAK = YES;
				CLANG_WARN_BLOCK_CAPTURE_AUTORELEASING = YES;
				CLANG_WARN_BOOL_CONVERSION = YES;
				CLANG_WARN_COMMA = YES;
				CLANG_WARN_CONSTANT_CONVERSION = YES;
				CLANG_WARN_DEPRECATED_OBJC_IMPLEMENTATIONS = YES;
				CLANG_WARN_DIRECT_OBJC_ISA_USAGE = YES_ERROR;
				CLANG_WARN_DOCUMENTATION_COMMENTS = YES;
				CLANG_WARN_EMPTY_BODY = YES;
				CLANG_WARN_ENUM_CONVERSION = YES;
				CLANG_WARN_INFINITE_RECURSION = YES;
				CLANG_WARN_INT_CONVERSION = YES;
				CLANG_WARN_NON_LITERAL_NULL_CONVERSION = YES;
				CLANG_WARN_OBJC_IMPLICIT_RETAIN_SELF = YES;
				CLANG_WARN_OBJC_LITERAL_CONVERSION = YES;
				CLANG_WARN_OBJC_ROOT_CLASS = YES_ERROR;
				CLANG_WARN_QUOTED_INCLUDE_IN_FRAMEWORK_HEADER = YES;
				CLANG_WARN_RANGE_LOOP_ANALYSIS = YES;
				CLANG_WARN_STRICT_PROTOTYPES = YES;
				CLANG_WARN_SUSPICIOUS_MOVE = YES;
				CLANG_WARN_UNGUARDED_AVAILABILITY = YES_AGGRESSIVE;
				CLANG_WARN_UNREACHABLE_CODE = YES;
				CLANG_WARN__DUPLICATE_METHOD_MATCH = YES;
				COPY_PHASE_STRIP = NO;
				DEBUG_INFORMATION_FORMAT = dwarf;
				ENABLE_STRICT_OBJC_MSGSEND = YES;
				ENABLE_TESTABILITY = YES;
				GCC_C_LANGUAGE_STANDARD = gnu11;
				GCC_DYNAMIC_NO_PIC = NO;
				GCC_NO_COMMON_BLOCKS = YES;
				GCC_OPTIMIZATION_LEVEL = 0;
				GCC_PREPROCESSOR_DEFINITIONS = (
					"DEBUG=1",
					"$(inherited)",
				);
				GCC_WARN_64_TO_32_BIT_CONVERSION = YES;
				GCC_WARN_ABOUT_RETURN_TYPE = YES_ERROR;
				GCC_WARN_UNDECLARED_SELECTOR = YES;
				GCC_WARN_UNINITIALIZED_AUTOS = YES_AGGRESSIVE;
				GCC_WARN_UNUSED_FUNCTION = YES;
				GCC_WARN_UNUSED_VARIABLE = YES;
				IPHONEOS_DEPLOYMENT_TARGET = 15.2;
				MTL_ENABLE_DEBUG_INFO = INCLUDE_SOURCE;
				MTL_FAST_MATH = YES;
				ONLY_ACTIVE_ARCH = YES;
				SDKROOT = iphoneos;
				SWIFT_ACTIVE_COMPILATION_CONDITIONS = DEBUG;
				SWIFT_OPTIMIZATION_LEVEL = "-Onone";
			};
			name = Debug;
		};
		627D32B327B612A9001B411C /* Release */ = {
			isa = XCBuildConfiguration;
			buildSettings = {
				ALWAYS_SEARCH_USER_PATHS = NO;
				CLANG_ANALYZER_NONNULL = YES;
				CLANG_ANALYZER_NUMBER_OBJECT_CONVERSION = YES_AGGRESSIVE;
				CLANG_CXX_LANGUAGE_STANDARD = "gnu++17";
				CLANG_CXX_LIBRARY = "libc++";
				CLANG_ENABLE_MODULES = YES;
				CLANG_ENABLE_OBJC_ARC = YES;
				CLANG_ENABLE_OBJC_WEAK = YES;
				CLANG_WARN_BLOCK_CAPTURE_AUTORELEASING = YES;
				CLANG_WARN_BOOL_CONVERSION = YES;
				CLANG_WARN_COMMA = YES;
				CLANG_WARN_CONSTANT_CONVERSION = YES;
				CLANG_WARN_DEPRECATED_OBJC_IMPLEMENTATIONS = YES;
				CLANG_WARN_DIRECT_OBJC_ISA_USAGE = YES_ERROR;
				CLANG_WARN_DOCUMENTATION_COMMENTS = YES;
				CLANG_WARN_EMPTY_BODY = YES;
				CLANG_WARN_ENUM_CONVERSION = YES;
				CLANG_WARN_INFINITE_RECURSION = YES;
				CLANG_WARN_INT_CONVERSION = YES;
				CLANG_WARN_NON_LITERAL_NULL_CONVERSION = YES;
				CLANG_WARN_OBJC_IMPLICIT_RETAIN_SELF = YES;
				CLANG_WARN_OBJC_LITERAL_CONVERSION = YES;
				CLANG_WARN_OBJC_ROOT_CLASS = YES_ERROR;
				CLANG_WARN_QUOTED_INCLUDE_IN_FRAMEWORK_HEADER = YES;
				CLANG_WARN_RANGE_LOOP_ANALYSIS = YES;
				CLANG_WARN_STRICT_PROTOTYPES = YES;
				CLANG_WARN_SUSPICIOUS_MOVE = YES;
				CLANG_WARN_UNGUARDED_AVAILABILITY = YES_AGGRESSIVE;
				CLANG_WARN_UNREACHABLE_CODE = YES;
				CLANG_WARN__DUPLICATE_METHOD_MATCH = YES;
				COPY_PHASE_STRIP = NO;
				DEBUG_INFORMATION_FORMAT = "dwarf-with-dsym";
				ENABLE_NS_ASSERTIONS = NO;
				ENABLE_STRICT_OBJC_MSGSEND = YES;
				GCC_C_LANGUAGE_STANDARD = gnu11;
				GCC_NO_COMMON_BLOCKS = YES;
				GCC_WARN_64_TO_32_BIT_CONVERSION = YES;
				GCC_WARN_ABOUT_RETURN_TYPE = YES_ERROR;
				GCC_WARN_UNDECLARED_SELECTOR = YES;
				GCC_WARN_UNINITIALIZED_AUTOS = YES_AGGRESSIVE;
				GCC_WARN_UNUSED_FUNCTION = YES;
				GCC_WARN_UNUSED_VARIABLE = YES;
				IPHONEOS_DEPLOYMENT_TARGET = 15.2;
				MTL_ENABLE_DEBUG_INFO = NO;
				MTL_FAST_MATH = YES;
				SDKROOT = iphoneos;
				SWIFT_COMPILATION_MODE = wholemodule;
				SWIFT_OPTIMIZATION_LEVEL = "-O";
				VALIDATE_PRODUCT = YES;
			};
			name = Release;
		};
		627D32B527B612A9001B411C /* Debug */ = {
			isa = XCBuildConfiguration;
			buildSettings = {
				ASSETCATALOG_COMPILER_APPICON_NAME = AppIcon;
				ASSETCATALOG_COMPILER_GLOBAL_ACCENT_COLOR_NAME = AccentColor;
				CODE_SIGN_STYLE = Automatic;
				CURRENT_PROJECT_VERSION = 1;
				DEVELOPMENT_ASSET_PATHS = "\"Devote/Preview Content\"";
				DEVELOPMENT_TEAM = AV4T8M55V5;
				ENABLE_PREVIEWS = YES;
				GENERATE_INFOPLIST_FILE = YES;
				INFOPLIST_FILE = Devote/Info.plist;
				INFOPLIST_KEY_UIApplicationSceneManifest_Generation = YES;
				INFOPLIST_KEY_UIApplicationSupportsIndirectInputEvents = YES;
				INFOPLIST_KEY_UISupportedInterfaceOrientations = UIInterfaceOrientationPortrait;
				INFOPLIST_KEY_UISupportedInterfaceOrientations_iPad = "UIInterfaceOrientationPortrait UIInterfaceOrientationPortraitUpsideDown UIInterfaceOrientationLandscapeLeft UIInterfaceOrientationLandscapeRight";
				INFOPLIST_KEY_UISupportedInterfaceOrientations_iPhone = UIInterfaceOrientationPortrait;
				LD_RUNPATH_SEARCH_PATHS = (
					"$(inherited)",
					"@executable_path/Frameworks",
				);
				MARKETING_VERSION = 1.0;
				PRODUCT_BUNDLE_IDENTIFIER = com.sebasorozcob.Devote;
				PRODUCT_NAME = "$(TARGET_NAME)";
				SWIFT_EMIT_LOC_STRINGS = YES;
				SWIFT_VERSION = 5.0;
				TARGETED_DEVICE_FAMILY = "1,2";
			};
			name = Debug;
		};
		627D32B627B612A9001B411C /* Release */ = {
			isa = XCBuildConfiguration;
			buildSettings = {
				ASSETCATALOG_COMPILER_APPICON_NAME = AppIcon;
				ASSETCATALOG_COMPILER_GLOBAL_ACCENT_COLOR_NAME = AccentColor;
				CODE_SIGN_STYLE = Automatic;
				CURRENT_PROJECT_VERSION = 1;
				DEVELOPMENT_ASSET_PATHS = "\"Devote/Preview Content\"";
				DEVELOPMENT_TEAM = AV4T8M55V5;
				ENABLE_PREVIEWS = YES;
				GENERATE_INFOPLIST_FILE = YES;
				INFOPLIST_FILE = Devote/Info.plist;
				INFOPLIST_KEY_UIApplicationSceneManifest_Generation = YES;
				INFOPLIST_KEY_UIApplicationSupportsIndirectInputEvents = YES;
				INFOPLIST_KEY_UISupportedInterfaceOrientations = UIInterfaceOrientationPortrait;
				INFOPLIST_KEY_UISupportedInterfaceOrientations_iPad = "UIInterfaceOrientationPortrait UIInterfaceOrientationPortraitUpsideDown UIInterfaceOrientationLandscapeLeft UIInterfaceOrientationLandscapeRight";
				INFOPLIST_KEY_UISupportedInterfaceOrientations_iPhone = UIInterfaceOrientationPortrait;
				LD_RUNPATH_SEARCH_PATHS = (
					"$(inherited)",
					"@executable_path/Frameworks",
				);
				MARKETING_VERSION = 1.0;
				PRODUCT_BUNDLE_IDENTIFIER = com.sebasorozcob.Devote;
				PRODUCT_NAME = "$(TARGET_NAME)";
				SWIFT_EMIT_LOC_STRINGS = YES;
				SWIFT_VERSION = 5.0;
				TARGETED_DEVICE_FAMILY = "1,2";
			};
			name = Release;
		};
/* End XCBuildConfiguration section */

/* Begin XCConfigurationList section */
		627D329C27B612A8001B411C /* Build configuration list for PBXProject "Devote" */ = {
			isa = XCConfigurationList;
			buildConfigurations = (
				627D32B227B612A9001B411C /* Debug */,
				627D32B327B612A9001B411C /* Release */,
			);
			defaultConfigurationIsVisible = 0;
			defaultConfigurationName = Release;
		};
		627D32B427B612A9001B411C /* Build configuration list for PBXNativeTarget "Devote" */ = {
			isa = XCConfigurationList;
			buildConfigurations = (
				627D32B527B612A9001B411C /* Debug */,
				627D32B627B612A9001B411C /* Release */,
			);
			defaultConfigurationIsVisible = 0;
			defaultConfigurationName = Release;
		};
/* End XCConfigurationList section */

/* Begin XCVersionGroup section */
		627D32AF27B612A9001B411C /* Devote.xcdatamodeld */ = {
			isa = XCVersionGroup;
			children = (
				627D32B027B612A9001B411C /* Devote.xcdatamodel */,
			);
			currentVersion = 627D32B027B612A9001B411C /* Devote.xcdatamodel */;
			path = Devote.xcdatamodeld;
			sourceTree = "<group>";
			versionGroupType = wrapper.xcdatamodel;
		};
/* End XCVersionGroup section */
	};
	rootObject = 627D329927B612A8001B411C /* Project object */;
}
